// !$*UTF8*$!
{
	archiveVersion = 1;
	classes = {
	};
	objectVersion = 77;
	objects = {

/* Begin PBXBuildFile section */
		A496710C2FC9DF4F00CB1007 /* Sparkle in Frameworks */ = {isa = PBXBuildFile; productRef = A496710B2FC9DF4F00CB1007 /* Sparkle */; };
/* End PBXBuildFile section */

/* Begin PBXContainerItemProxy section */
		A49670CC2FC9DF5100CB1007 /* PBXContainerItemProxy */ = {
			isa = PBXContainerItemProxy;
			containerPortal = A49670B62FC9DF4F00CB1007 /* Project object */;
			proxyType = 1;
			remoteGlobalIDString = A49670BD2FC9DF4F00CB1007;
			remoteInfo = winfinder;
		};
		A49670D62FC9DF5100CB1007 /* PBXContainerItemProxy */ = {
			isa = PBXContainerItemProxy;
			containerPortal = A49670B62FC9DF4F00CB1007 /* Project object */;
			proxyType = 1;
			remoteGlobalIDString = A49670BD2FC9DF4F00CB1007;
			remoteInfo = winfinder;
		};
/* End PBXContainerItemProxy section */

/* Begin PBXFileReference section */
		A49670BE2FC9DF4F00CB1007 /* Win Finder.app */ = {isa = PBXFileReference; explicitFileType = wrapper.application; includeInIndex = 0; path = "Win Finder.app"; sourceTree = BUILT_PRODUCTS_DIR; };
		A49670CB2FC9DF5100CB1007 /* winfinderTests.xctest */ = {isa = PBXFileReference; explicitFileType = wrapper.cfbundle; includeInIndex = 0; name = winfinderTests.xctest; path = "Win Finder.xctest"; sourceTree = BUILT_PRODUCTS_DIR; };
		A49670D52FC9DF5100CB1007 /* winfinderUITests.xctest */ = {isa = PBXFileReference; explicitFileType = wrapper.cfbundle; includeInIndex = 0; name = winfinderUITests.xctest; path = "Win Finder.xctest"; sourceTree = BUILT_PRODUCTS_DIR; };
/* End PBXFileReference section */

/* Begin PBXFileSystemSynchronizedRootGroup section */
		A49670C02FC9DF4F00CB1007 /* winfinder */ = {
			isa = PBXFileSystemSynchronizedRootGroup;
			path = winfinder;
			sourceTree = "<group>";
		};
		A49670CE2FC9DF5100CB1007 /* winfinderTests */ = {
			isa = PBXFileSystemSynchronizedRootGroup;
			path = winfinderTests;
			sourceTree = "<group>";
		};
		A49670D82FC9DF5100CB1007 /* winfinderUITests */ = {
			isa = PBXFileSystemSynchronizedRootGroup;
			path = winfinderUITests;
			sourceTree = "<group>";
		};
/* End PBXFileSystemSynchronizedRootGroup section */

/* Begin PBXFrameworksBuildPhase section */
		A49670BB2FC9DF4F00CB1007 /* Frameworks */ = {
			isa = PBXFrameworksBuildPhase;
			buildActionMask = 2147483647;
			files = (
				A496710C2FC9DF4F00CB1007 /* Sparkle in Frameworks */,
			);
			runOnlyForDeploymentPostprocessing = 0;
		};
		A49670C82FC9DF5100CB1007 /* Frameworks */ = {
			isa = PBXFrameworksBuildPhase;
			buildActionMask = 2147483647;
			files = (
			);
			runOnlyForDeploymentPostprocessing = 0;
		};
		A49670D22FC9DF5100CB1007 /* Frameworks */ = {
			isa = PBXFrameworksBuildPhase;
			buildActionMask = 2147483647;
			files = (
			);
			runOnlyForDeploymentPostprocessing = 0;
		};
/* End PBXFrameworksBuildPhase section */

/* Begin PBXGroup section */
		A49670B52FC9DF4F00CB1007 = {
			isa = PBXGroup;
			children = (
				A49670C02FC9DF4F00CB1007 /* winfinder */,
				A49670CE2FC9DF5100CB1007 /* winfinderTests */,
				A49670D82FC9DF5100CB1007 /* winfinderUITests */,
				A49670BF2FC9DF4F00CB1007 /* Products */,
			);
			sourceTree = "<group>";
		};
		A49670BF2FC9DF4F00CB1007 /* Products */ = {
			isa = PBXGroup;
			children = (
				A49670BE2FC9DF4F00CB1007 /* Win Finder.app */,
				A49670CB2FC9DF5100CB1007 /* winfinderTests.xctest */,
				A49670D52FC9DF5100CB1007 /* winfinderUITests.xctest */,
			);
			name = Products;
			sourceTree = "<group>";
		};
/* End PBXGroup section */

/* Begin PBXNativeTarget section */
		A49670BD2FC9DF4F00CB1007 /* winfinder */ = {
			isa = PBXNativeTarget;
			buildConfigurationList = A49670DF2FC9DF5100CB1007 /* Build configuration list for PBXNativeTarget "winfinder" */;
			buildPhases = (
				A49670BA2FC9DF4F00CB1007 /* Sources */,
				A49670BB2FC9DF4F00CB1007 /* Frameworks */,
				A49670BC2FC9DF4F00CB1007 /* Resources */,
			);
			buildRules = (
			);
			dependencies = (
			);
			fileSystemSynchronizedGroups = (
				A49670C02FC9DF4F00CB1007 /* winfinder */,
			);
			name = winfinder;
			packageProductDependencies = (
				A496710B2FC9DF4F00CB1007 /* Sparkle */,
			);
			productName = winfinder;
			productReference = A49670BE2FC9DF4F00CB1007 /* Win Finder.app */;
			productType = "com.apple.product-type.application";
		};
		A49670CA2FC9DF5100CB1007 /* winfinderTests */ = {
			isa = PBXNativeTarget;
			buildConfigurationList = A49670E22FC9DF5100CB1007 /* Build configuration list for PBXNativeTarget "winfinderTests" */;
			buildPhases = (
				A49670C72FC9DF5100CB1007 /* Sources */,
				A49670C82FC9DF5100CB1007 /* Frameworks */,
				A49670C92FC9DF5100CB1007 /* Resources */,
			);
			buildRules = (
			);
			dependencies = (
				A49670CD2FC9DF5100CB1007 /* PBXTargetDependency */,
			);
			fileSystemSynchronizedGroups = (
				A49670CE2FC9DF5100CB1007 /* winfinderTests */,
			);
			name = winfinderTests;
			packageProductDependencies = (
			);
			productName = winfinderTests;
			productReference = A49670CB2FC9DF5100CB1007 /* winfinderTests.xctest */;
			productType = "com.apple.product-type.bundle.unit-test";
		};
		A49670D42FC9DF5100CB1007 /* winfinderUITests */ = {
			isa = PBXNativeTarget;
			buildConfigurationList = A49670E52FC9DF5100CB1007 /* Build configuration list for PBXNativeTarget "winfinderUITests" */;
			buildPhases = (
				A49670D12FC9DF5100CB1007 /* Sources */,
				A49670D22FC9DF5100CB1007 /* Frameworks */,
				A49670D32FC9DF5100CB1007 /* Resources */,
			);
			buildRules = (
			);
			dependencies = (
				A49670D72FC9DF5100CB1007 /* PBXTargetDependency */,
			);
			fileSystemSynchronizedGroups = (
				A49670D82FC9DF5100CB1007 /* winfinderUITests */,
			);
			name = winfinderUITests;
			packageProductDependencies = (
			);
			productName = winfinderUITests;
			productReference = A49670D52FC9DF5100CB1007 /* winfinderUITests.xctest */;
			productType = "com.apple.product-type.bundle.ui-testing";
		};
/* End PBXNativeTarget section */

/* Begin PBXProject section */
		A49670B62FC9DF4F00CB1007 /* Project object */ = {
			isa = PBXProject;
			attributes = {
				BuildIndependentTargetsInParallel = 1;
				LastSwiftUpdateCheck = 2600;
				LastUpgradeCheck = 2600;
				TargetAttributes = {
					A49670BD2FC9DF4F00CB1007 = {
						CreatedOnToolsVersion = 26.0;
					};
					A49670CA2FC9DF5100CB1007 = {
						CreatedOnToolsVersion = 26.0;
						TestTargetID = A49670BD2FC9DF4F00CB1007;
					};
					A49670D42FC9DF5100CB1007 = {
						CreatedOnToolsVersion = 26.0;
						TestTargetID = A49670BD2FC9DF4F00CB1007;
					};
				};
			};
			buildConfigurationList = A49670B92FC9DF4F00CB1007 /* Build configuration list for PBXProject "winfinder" */;
			developmentRegion = en;
			hasScannedForEncodings = 0;
			knownRegions = (
				en,
				Base,
				it,
				"zh-Hans",
				de,
				es,
				mg,
			);
			mainGroup = A49670B52FC9DF4F00CB1007;
			minimizedProjectReferenceProxies = 1;
			packageReferences = (
				A496710A2FC9DF4F00CB1007 /* XCRemoteSwiftPackageReference "Sparkle" */,
			);
			preferredProjectObjectVersion = 77;
			productRefGroup = A49670BF2FC9DF4F00CB1007 /* Products */;
			projectDirPath = "";
			projectRoot = "";
			targets = (
				A49670BD2FC9DF4F00CB1007 /* winfinder */,
				A49670CA2FC9DF5100CB1007 /* winfinderTests */,
				A49670D42FC9DF5100CB1007 /* winfinderUITests */,
			);
		};
/* End PBXProject section */

/* Begin PBXResourcesBuildPhase section */
		A49670BC2FC9DF4F00CB1007 /* Resources */ = {
			isa = PBXResourcesBuildPhase;
			buildActionMask = 2147483647;
			files = (
			);
			runOnlyForDeploymentPostprocessing = 0;
		};
		A49670C92FC9DF5100CB1007 /* Resources */ = {
			isa = PBXResourcesBuildPhase;
			buildActionMask = 2147483647;
			files = (
			);
			runOnlyForDeploymentPostprocessing = 0;
		};
		A49670D32FC9DF5100CB1007 /* Resources */ = {
			isa = PBXResourcesBuildPhase;
			buildActionMask = 2147483647;
			files = (
			);
			runOnlyForDeploymentPostprocessing = 0;
		};
/* End PBXResourcesBuildPhase section */

/* Begin PBXSourcesBuildPhase section */
		A49670BA2FC9DF4F00CB1007 /* Sources */ = {
			isa = PBXSourcesBuildPhase;
			buildActionMask = 2147483647;
			files = (
			);
			runOnlyForDeploymentPostprocessing = 0;
		};
		A49670C72FC9DF5100CB1007 /* Sources */ = {
			isa = PBXSourcesBuildPhase;
			buildActionMask = 2147483647;
			files = (
			);
			runOnlyForDeploymentPostprocessing = 0;
		};
		A49670D12FC9DF5100CB1007 /* Sources */ = {
			isa = PBXSourcesBuildPhase;
			buildActionMask = 2147483647;
			files = (
			);
			runOnlyForDeploymentPostprocessing = 0;
		};
/* End PBXSourcesBuildPhase section */

/* Begin PBXTargetDependency section */
		A49670CD2FC9DF5100CB1007 /* PBXTargetDependency */ = {
			isa = PBXTargetDependency;
			target = A49670BD2FC9DF4F00CB1007 /* winfinder */;
			targetProxy = A49670CC2FC9DF5100CB1007 /* PBXContainerItemProxy */;
		};
		A49670D72FC9DF5100CB1007 /* PBXTargetDependency */ = {
			isa = PBXTargetDependency;
			target = A49670BD2FC9DF4F00CB1007 /* winfinder */;
			targetProxy = A49670D62FC9DF5100CB1007 /* PBXContainerItemProxy */;
		};
/* End PBXTargetDependency section */

/* Begin XCBuildConfiguration section */
		A49670DD2FC9DF5100CB1007 /* Debug */ = {
			isa = XCBuildConfiguration;
			buildSettings = {
				ALWAYS_SEARCH_USER_PATHS = NO;
				ASSETCATALOG_COMPILER_GENERATE_SWIFT_ASSET_SYMBOL_EXTENSIONS = YES;
				CLANG_ANALYZER_NONNULL = YES;
				CLANG_ANALYZER_NUMBER_OBJECT_CONVERSION = YES_AGGRESSIVE;
				CLANG_CXX_LANGUAGE_STANDARD = "gnu++20";
				CLANG_ENABLE_MODULES = YES;
				CLANG_ENABLE_OBJC_ARC = YES;
				CLANG_ENABLE_OBJC_WEAK = YES;
				CLANG_WARN_BLOCK_CAPTURE_AUTORELEASING = YES;
				CLANG_WARN_BOOL_CONVERSION = YES;
				CLANG_WARN_COMMA = YES;
				CLANG_WARN_CONSTANT_CONVERSION = YES;
				CLANG_WARN_DEPRECATED_OBJC_IMPLEMENTATIONS = YES;
				CLANG_WARN_DIRECT_OBJC_ISA_USAGE = YES_ERROR;
				CLANG_WARN_DOCUMENTATION_COMMENTS = YES;
				CLANG_WARN_EMPTY_BODY = YES;
				CLANG_WARN_ENUM_CONVERSION = YES;
				CLANG_WARN_INFINITE_RECURSION = YES;
				CLANG_WARN_INT_CONVERSION = YES;
				CLANG_WARN_NON_LITERAL_NULL_CONVERSION = YES;
				CLANG_WARN_OBJC_IMPLICIT_RETAIN_SELF = YES;
				CLANG_WARN_OBJC_LITERAL_CONVERSION = YES;
				CLANG_WARN_OBJC_ROOT_CLASS = YES_ERROR;
				CLANG_WARN_QUOTED_INCLUDE_IN_FRAMEWORK_HEADER = YES;
				CLANG_WARN_RANGE_LOOP_ANALYSIS = YES;
				CLANG_WARN_STRICT_PROTOTYPES = YES;
				CLANG_WARN_SUSPICIOUS_MOVE = YES;
				CLANG_WARN_UNGUARDED_AVAILABILITY = YES_AGGRESSIVE;
				CLANG_WARN_UNREACHABLE_CODE = YES;
				CLANG_WARN__DUPLICATE_METHOD_MATCH = YES;
				COPY_PHASE_STRIP = NO;
				DEBUG_INFORMATION_FORMAT = dwarf;
				DEVELOPMENT_TEAM = 9NXQ73MXFR;
				ENABLE_STRICT_OBJC_MSGSEND = YES;
				ENABLE_TESTABILITY = YES;
				ENABLE_USER_SCRIPT_SANDBOXING = YES;
				GCC_C_LANGUAGE_STANDARD = gnu17;
				GCC_DYNAMIC_NO_PIC = NO;
				GCC_NO_COMMON_BLOCKS = YES;
				GCC_OPTIMIZATION_LEVEL = 0;
				GCC_PREPROCESSOR_DEFINITIONS = (
					"DEBUG=1",
					"$(inherited)",
				);
				GCC_WARN_64_TO_32_BIT_CONVERSION = YES;
				GCC_WARN_ABOUT_RETURN_TYPE = YES_ERROR;
				GCC_WARN_UNDECLARED_SELECTOR = YES;
				GCC_WARN_UNINITIALIZED_AUTOS = YES_AGGRESSIVE;
				GCC_WARN_UNUSED_FUNCTION = YES;
				GCC_WARN_UNUSED_VARIABLE = YES;
				LOCALIZATION_PREFERS_STRING_CATALOGS = YES;
				MACOSX_DEPLOYMENT_TARGET = 26.0;
				MTL_ENABLE_DEBUG_INFO = INCLUDE_SOURCE;
				MTL_FAST_MATH = YES;
				ONLY_ACTIVE_ARCH = YES;
				SDKROOT = macosx;
				SWIFT_ACTIVE_COMPILATION_CONDITIONS = "DEBUG $(inherited)";
				SWIFT_OPTIMIZATION_LEVEL = "-Onone";
			};
			name = Debug;
		};
		A49670DE2FC9DF5100CB1007 /* Release */ = {
			isa = XCBuildConfiguration;
			buildSettings = {
				ALWAYS_SEARCH_USER_PATHS = NO;
				ASSETCATALOG_COMPILER_GENERATE_SWIFT_ASSET_SYMBOL_EXTENSIONS = YES;
				CLANG_ANALYZER_NONNULL = YES;
				CLANG_ANALYZER_NUMBER_OBJECT_CONVERSION = YES_AGGRESSIVE;
				CLANG_CXX_LANGUAGE_STANDARD = "gnu++20";
				CLANG_ENABLE_MODULES = YES;
				CLANG_ENABLE_OBJC_ARC = YES;
				CLANG_ENABLE_OBJC_WEAK = YES;
				CLANG_WARN_BLOCK_CAPTURE_AUTORELEASING = YES;
				CLANG_WARN_BOOL_CONVERSION = YES;
				CLANG_WARN_COMMA = YES;
				CLANG_WARN_CONSTANT_CONVERSION = YES;
				CLANG_WARN_DEPRECATED_OBJC_IMPLEMENTATIONS = YES;
				CLANG_WARN_DIRECT_OBJC_ISA_USAGE = YES_ERROR;
				CLANG_WARN_DOCUMENTATION_COMMENTS = YES;
				CLANG_WARN_EMPTY_BODY = YES;
				CLANG_WARN_ENUM_CONVERSION = YES;
				CLANG_WARN_INFINITE_RECURSION = YES;
				CLANG_WARN_INT_CONVERSION = YES;
				CLANG_WARN_NON_LITERAL_NULL_CONVERSION = YES;
				CLANG_WARN_OBJC_IMPLICIT_RETAIN_SELF = YES;
				CLANG_WARN_OBJC_LITERAL_CONVERSION = YES;
				CLANG_WARN_OBJC_ROOT_CLASS = YES_ERROR;
				CLANG_WARN_QUOTED_INCLUDE_IN_FRAMEWORK_HEADER = YES;
				CLANG_WARN_RANGE_LOOP_ANALYSIS = YES;
				CLANG_WARN_STRICT_PROTOTYPES = YES;
				CLANG_WARN_SUSPICIOUS_MOVE = YES;
				CLANG_WARN_UNGUARDED_AVAILABILITY = YES_AGGRESSIVE;
				CLANG_WARN_UNREACHABLE_CODE = YES;
				CLANG_WARN__DUPLICATE_METHOD_MATCH = YES;
				COPY_PHASE_STRIP = NO;
				DEBUG_INFORMATION_FORMAT = "dwarf-with-dsym";
				DEVELOPMENT_TEAM = 9NXQ73MXFR;
				ENABLE_NS_ASSERTIONS = NO;
				ENABLE_STRICT_OBJC_MSGSEND = YES;
				ENABLE_USER_SCRIPT_SANDBOXING = YES;
				GCC_C_LANGUAGE_STANDARD = gnu17;
				GCC_NO_COMMON_BLOCKS = YES;
				GCC_WARN_64_TO_32_BIT_CONVERSION = YES;
				GCC_WARN_ABOUT_RETURN_TYPE = YES_ERROR;
				GCC_WARN_UNDECLARED_SELECTOR = YES;
				GCC_WARN_UNINITIALIZED_AUTOS = YES_AGGRESSIVE;
				GCC_WARN_UNUSED_FUNCTION = YES;
				GCC_WARN_UNUSED_VARIABLE = YES;
				LOCALIZATION_PREFERS_STRING_CATALOGS = YES;
				MACOSX_DEPLOYMENT_TARGET = 26.0;
				MTL_ENABLE_DEBUG_INFO = NO;
				MTL_FAST_MATH = YES;
				SDKROOT = macosx;
				SWIFT_COMPILATION_MODE = wholemodule;
			};
			name = Release;
		};
		A49670E02FC9DF5100CB1007 /* Debug */ = {
			isa = XCBuildConfiguration;
			buildSettings = {
				ASSETCATALOG_COMPILER_APPICON_NAME = AppIcon;
				ASSETCATALOG_COMPILER_GLOBAL_ACCENT_COLOR_NAME = AccentColor;
				CODE_SIGN_ENTITLEMENTS = winfinder/winfinder.entitlements;
				CODE_SIGN_STYLE = Automatic;
				COMBINE_HIDPI_IMAGES = YES;
				CURRENT_PROJECT_VERSION = 9;
				DEVELOPMENT_TEAM = 9NXQ73MXFR;
				ENABLE_APP_SANDBOX = NO;
				ENABLE_HARDENED_RUNTIME = YES;
				ENABLE_PREVIEWS = YES;
				ENABLE_USER_SELECTED_FILES = readonly;
				GENERATE_INFOPLIST_FILE = YES;
				INFOPLIST_FILE = winfinder/Info.plist;
				INFOPLIST_KEY_CFBundleDisplayName = "Win Finder";
				INFOPLIST_KEY_NSHumanReadableCopyright = "";
				LD_RUNPATH_SEARCH_PATHS = (
					"$(inherited)",
					"@executable_path/../Frameworks",
				);
				MARKETING_VERSION = 0.2.0;
				PRODUCT_BUNDLE_IDENTIFIER = com.skimmenthal.winfinder;
				PRODUCT_NAME = "Win Finder";
				REGISTER_APP_GROUPS = YES;
				STRING_CATALOG_GENERATE_SYMBOLS = YES;
				SWIFT_APPROACHABLE_CONCURRENCY = YES;
				SWIFT_DEFAULT_ACTOR_ISOLATION = MainActor;
				SWIFT_EMIT_LOC_STRINGS = YES;
				SWIFT_UPCOMING_FEATURE_MEMBER_IMPORT_VISIBILITY = YES;
				SWIFT_VERSION = 5.0;
			};
			name = Debug;
		};
		A49670E12FC9DF5100CB1007 /* Release */ = {
			isa = XCBuildConfiguration;
			buildSettings = {
				ASSETCATALOG_COMPILER_APPICON_NAME = AppIcon;
				ASSETCATALOG_COMPILER_GLOBAL_ACCENT_COLOR_NAME = AccentColor;
				CODE_SIGN_ENTITLEMENTS = winfinder/winfinder.entitlements;
				CODE_SIGN_STYLE = Automatic;
				COMBINE_HIDPI_IMAGES = YES;
				CURRENT_PROJECT_VERSION = 9;
				DEVELOPMENT_TEAM = 9NXQ73MXFR;
				ENABLE_APP_SANDBOX = NO;
				ENABLE_HARDENED_RUNTIME = YES;
				ENABLE_PREVIEWS = YES;
				ENABLE_USER_SELECTED_FILES = readonly;
				GENERATE_INFOPLIST_FILE = YES;
				INFOPLIST_FILE = winfinder/Info.plist;
				INFOPLIST_KEY_CFBundleDisplayName = "Win Finder";
				INFOPLIST_KEY_NSHumanReadableCopyright = "";
				LD_RUNPATH_SEARCH_PATHS = (
					"$(inherited)",
					"@executable_path/../Frameworks",
				);
				MARKETING_VERSION = 0.2.0;
				PRODUCT_BUNDLE_IDENTIFIER = com.skimmenthal.winfinder;
				PRODUCT_NAME = "Win Finder";
				REGISTER_APP_GROUPS = YES;
				STRING_CATALOG_GENERATE_SYMBOLS = YES;
				SWIFT_APPROACHABLE_CONCURRENCY = YES;
				SWIFT_DEFAULT_ACTOR_ISOLATION = MainActor;
				SWIFT_EMIT_LOC_STRINGS = YES;
				SWIFT_UPCOMING_FEATURE_MEMBER_IMPORT_VISIBILITY = YES;
				SWIFT_VERSION = 5.0;
			};
			name = Release;
		};
		A49670E32FC9DF5100CB1007 /* Debug */ = {
			isa = XCBuildConfiguration;
			buildSettings = {
				BUNDLE_LOADER = "$(TEST_HOST)";
				CODE_SIGN_STYLE = Automatic;
				CURRENT_PROJECT_VERSION = 9;
				DEVELOPMENT_TEAM = 9NXQ73MXFR;
				GENERATE_INFOPLIST_FILE = YES;
				MACOSX_DEPLOYMENT_TARGET = 26.0;
				MARKETING_VERSION = 0.1.8;
				PRODUCT_BUNDLE_IDENTIFIER = com.skimmenthal.winfinderTests;
				PRODUCT_NAME = "Win Finder";
				STRING_CATALOG_GENERATE_SYMBOLS = NO;
				SWIFT_APPROACHABLE_CONCURRENCY = YES;
				SWIFT_EMIT_LOC_STRINGS = NO;
				SWIFT_UPCOMING_FEATURE_MEMBER_IMPORT_VISIBILITY = YES;
				SWIFT_VERSION = 5.0;
				TEST_HOST = "$(BUILT_PRODUCTS_DIR)/winfinder.app/$(BUNDLE_EXECUTABLE_FOLDER_PATH)/winfinder";
			};
			name = Debug;
		};
		A49670E42FC9DF5100CB1007 /* Release */ = {
			isa = XCBuildConfiguration;
			buildSettings = {
				BUNDLE_LOADER = "$(TEST_HOST)";
				CODE_SIGN_STYLE = Automatic;
				CURRENT_PROJECT_VERSION = 9;
				DEVELOPMENT_TEAM = 9NXQ73MXFR;
				GENERATE_INFOPLIST_FILE = YES;
				MACOSX_DEPLOYMENT_TARGET = 26.0;
				MARKETING_VERSION = 0.1.8;
				PRODUCT_BUNDLE_IDENTIFIER = com.skimmenthal.winfinderTests;
				PRODUCT_NAME = "Win Finder";
				STRING_CATALOG_GENERATE_SYMBOLS = NO;
				SWIFT_APPROACHABLE_CONCURRENCY = YES;
				SWIFT_EMIT_LOC_STRINGS = NO;
				SWIFT_UPCOMING_FEATURE_MEMBER_IMPORT_VISIBILITY = YES;
				SWIFT_VERSION = 5.0;
				TEST_HOST = "$(BUILT_PRODUCTS_DIR)/winfinder.app/$(BUNDLE_EXECUTABLE_FOLDER_PATH)/winfinder";
			};
			name = Release;
		};
		A49670E62FC9DF5100CB1007 /* Debug */ = {
			isa = XCBuildConfiguration;
			buildSettings = {
				CODE_SIGN_STYLE = Automatic;
				CURRENT_PROJECT_VERSION = 9;
				DEVELOPMENT_TEAM = 9NXQ73MXFR;
				GENERATE_INFOPLIST_FILE = YES;
				MARKETING_VERSION = 0.1.8;
				PRODUCT_BUNDLE_IDENTIFIER = com.skimmenthal.winfinderUITests;
				PRODUCT_NAME = "Win Finder";
				STRING_CATALOG_GENERATE_SYMBOLS = NO;
				SWIFT_APPROACHABLE_CONCURRENCY = YES;
				SWIFT_EMIT_LOC_STRINGS = NO;
				SWIFT_UPCOMING_FEATURE_MEMBER_IMPORT_VISIBILITY = YES;
				SWIFT_VERSION = 5.0;
				TEST_TARGET_NAME = winfinder;
			};
			name = Debug;
		};
		A49670E72FC9DF5100CB1007 /* Release */ = {
			isa = XCBuildConfiguration;
			buildSettings = {
				CODE_SIGN_STYLE = Automatic;
				CURRENT_PROJECT_VERSION = 9;
				DEVELOPMENT_TEAM = 9NXQ73MXFR;
				GENERATE_INFOPLIST_FILE = YES;
				MARKETING_VERSION = 0.1.8;
				PRODUCT_BUNDLE_IDENTIFIER = com.skimmenthal.winfinderUITests;
				PRODUCT_NAME = "Win Finder";
				STRING_CATALOG_GENERATE_SYMBOLS = NO;
				SWIFT_APPROACHABLE_CONCURRENCY = YES;
				SWIFT_EMIT_LOC_STRINGS = NO;
				SWIFT_UPCOMING_FEATURE_MEMBER_IMPORT_VISIBILITY = YES;
				SWIFT_VERSION = 5.0;
				TEST_TARGET_NAME = winfinder;
			};
			name = Release;
		};
/* End XCBuildConfiguration section */

/* Begin XCConfigurationList section */
		A49670B92FC9DF4F00CB1007 /* Build configuration list for PBXProject "winfinder" */ = {
			isa = XCConfigurationList;
			buildConfigurations = (
				A49670DD2FC9DF5100CB1007 /* Debug */,
				A49670DE2FC9DF5100CB1007 /* Release */,
			);
			defaultConfigurationIsVisible = 0;
			defaultConfigurationName = Release;
		};
		A49670DF2FC9DF5100CB1007 /* Build configuration list for PBXNativeTarget "winfinder" */ = {
			isa = XCConfigurationList;
			buildConfigurations = (
				A49670E02FC9DF5100CB1007 /* Debug */,
				A49670E12FC9DF5100CB1007 /* Release */,
			);
			defaultConfigurationIsVisible = 0;
			defaultConfigurationName = Release;
		};
		A49670E22FC9DF5100CB1007 /* Build configuration list for PBXNativeTarget "winfinderTests" */ = {
			isa = XCConfigurationList;
			buildConfigurations = (
				A49670E32FC9DF5100CB1007 /* Debug */,
				A49670E42FC9DF5100CB1007 /* Release */,
			);
			defaultConfigurationIsVisible = 0;
			defaultConfigurationName = Release;
		};
		A49670E52FC9DF5100CB1007 /* Build configuration list for PBXNativeTarget "winfinderUITests" */ = {
			isa = XCConfigurationList;
			buildConfigurations = (
				A49670E62FC9DF5100CB1007 /* Debug */,
				A49670E72FC9DF5100CB1007 /* Release */,
			);
			defaultConfigurationIsVisible = 0;
			defaultConfigurationName = Release;
		};
/* End XCConfigurationList section */

/* Begin XCRemoteSwiftPackageReference section */
		A496710A2FC9DF4F00CB1007 /* XCRemoteSwiftPackageReference "Sparkle" */ = {
			isa = XCRemoteSwiftPackageReference;
			repositoryURL = "https://github.com/sparkle-project/Sparkle";
			requirement = {
				kind = upToNextMajorVersion;
				minimumVersion = 2.0.0;
			};
		};
/* End XCRemoteSwiftPackageReference section */

/* Begin XCSwiftPackageProductDependency section */
		A496710B2FC9DF4F00CB1007 /* Sparkle */ = {
			isa = XCSwiftPackageProductDependency;
			package = A496710A2FC9DF4F00CB1007 /* XCRemoteSwiftPackageReference "Sparkle" */;
			productName = Sparkle;
		};
/* End XCSwiftPackageProductDependency section */
	};
	rootObject = A49670B62FC9DF4F00CB1007 /* Project object */;
}
